# THIS IS AN AUTOGENERATED FILE. DO NOT EDIT THIS FILE DIRECTLY.
# yarn lockfile v1


get-own-enumerable-keys@^1.0.0:
  version "1.0.0"
  resolved "https://registry.npmmirror.com/get-own-enumerable-keys/-/get-own-enumerable-keys-1.0.0.tgz#59bbda0f7e7469c8c74086e08f79f1381b203899"
  integrity sha512-PKsK2FSrQCyxcGHsGrLDcK0lx+0Ke+6e8KFFozA9/fIQLhQzPaRvJFdcz7+Axg3jUH/Mq+NI4xa5u/UT2tQskA==

is-obj@^3.0.0:
  version "3.0.0"
  resolved "https://registry.npmmirror.com/is-obj/-/is-obj-3.0.0.tgz#b0889f1f9f8cb87e87df53a8d1230a2250f8b9be"
  integrity sha512-IlsXEHOjtKhpN8r/tRFj2nDyTmHvcfNeu/nrRIcXE17ROeatXchkojffa1SpdqW4cr/Fj6QkEf/Gn4zf6KKvEQ==

is-regexp@^3.1.0:
  version "3.1.0"
  resolved "https://registry.npmmirror.com/is-regexp/-/is-regexp-3.1.0.tgz#0235eab9cda5b83f96ac4a263d8c32c9d5ad7422"
  integrity sha512-rbku49cWloU5bSMI+zaRaXdQHXnthP6DZ/vLnfdSKyL4zUzuWnomtOEiZZOd+ioQ+avFo/qau3KPTc7Fjy1uPA==

stringify-object@^5.0.0:
  version "5.0.0"
  resolved "https://registry.npmmirror.com/stringify-object/-/stringify-object-5.0.0.tgz#d5b05649fedaf8860640471641f70906fea7f351"
  integrity sha512-zaJYxz2FtcMb4f+g60KsRNFOpVMUyuJgA51Zi5Z1DOTC3S59+OQiVOzE9GZt0x72uBGWKsQIuBKeF9iusmKFsg==
  dependencies:
    get-own-enumerable-keys "^1.0.0"
    is-obj "^3.0.0"
    is-regexp "^3.1.0"
